// !$*UTF8*$!
{
	archiveVersion = 1;
	classes = {
	};
	objectVersion = 50;
	objects = {

/* Begin PBXBuildFile section */
		37B3CE632523AF2F00356952 /* AppDelegate.swift in Sources */ = {isa = PBXBuildFile; fileRef = 37B3CE622523AF2F00356952 /* AppDelegate.swift */; };
		37B3CE652523AF2F00356952 /* SceneDelegate.swift in Sources */ = {isa = PBXBuildFile; fileRef = 37B3CE642523AF2F00356952 /* SceneDelegate.swift */; };
		37B3CE672523AF2F00356952 /* ViewController.swift in Sources */ = {isa = PBXBuildFile; fileRef = 37B3CE662523AF2F00356952 /* ViewController.swift */; };
		37B3CE6A2523AF2F00356952 /* Main.storyboard in Resources */ = {isa = PBXBuildFile; fileRef = 37B3CE682523AF2F00356952 /* Main.storyboard */; };
		37B3CE6C2523AF3000356952 /* Assets.xcassets in Resources */ = {isa = PBXBuildFile; fileRef = 37B3CE6B2523AF3000356952 /* Assets.xcassets */; };
		37B3CE6F2523AF3000356952 /* LaunchScreen.storyboard in Resources */ = {isa = PBXBuildFile; fileRef = 37B3CE6D2523AF3000356952 /* LaunchScreen.storyboard */; };
		37B3CE7A2523AF3000356952 /* ModalDemoTests.swift in Sources */ = {isa = PBXBuildFile; fileRef = 37B3CE792523AF3000356952 /* ModalDemoTests.swift */; };
		37B3CE852523AF3000356952 /* ModalDemoUITests.swift in Sources */ = {isa = PBXBuildFile; fileRef = 37B3CE842523AF3000356952 /* ModalDemoUITests.swift */; };
		37B3CE942523B44800356952 /* SecondViewController.swift in Sources */ = {isa = PBXBuildFile; fileRef = 37B3CE922523B44800356952 /* SecondViewController.swift */; };
		37B3CE952523B44800356952 /* SecondViewController.xib in Resources */ = {isa = PBXBuildFile; fileRef = 37B3CE932523B44800356952 /* SecondViewController.xib */; };
/* End PBXBuildFile section */

/* Begin PBXContainerItemProxy section */
		37B3CE762523AF3000356952 /* PBXContainerItemProxy */ = {
			isa = PBXContainerItemProxy;
			containerPortal = 37B3CE572523AF2F00356952 /* Project object */;
			proxyType = 1;
			remoteGlobalIDString = 37B3CE5E2523AF2F00356952;
			remoteInfo = ModalDemo;
		};
		37B3CE812523AF3000356952 /* PBXContainerItemProxy */ = {
			isa = PBXContainerItemProxy;
			containerPortal = 37B3CE572523AF2F00356952 /* Project object */;
			proxyType = 1;
			remoteGlobalIDString = 37B3CE5E2523AF2F00356952;
			remoteInfo = ModalDemo;
		};
/* End PBXContainerItemProxy section */

/* Begin PBXFileReference section */
		37B3CE5F2523AF2F00356952 /* ModalDemo.app */ = {isa = PBXFileReference; explicitFileType = wrapper.application; includeInIndex = 0; path = ModalDemo.app; sourceTree = BUILT_PRODUCTS_DIR; };
		37B3CE622523AF2F00356952 /* AppDelegate.swift */ = {isa = PBXFileReference; lastKnownFileType = sourcecode.swift; path = AppDelegate.swift; sourceTree = "<group>"; };
		37B3CE642523AF2F00356952 /* SceneDelegate.swift */ = {isa = PBXFileReference; lastKnownFileType = sourcecode.swift; path = SceneDelegate.swift; sourceTree = "<group>"; };
		37B3CE662523AF2F00356952 /* ViewController.swift */ = {isa = PBXFileReference; lastKnownFileType = sourcecode.swift; path = ViewController.swift; sourceTree = "<group>"; };
		37B3CE692523AF2F00356952 /* Base */ = {isa = PBXFileReference; lastKnownFileType = file.storyboard; name = Base; path = Base.lproj/Main.storyboard; sourceTree = "<group>"; };
		37B3CE6B2523AF3000356952 /* Assets.xcassets */ = {isa = PBXFileReference; lastKnownFileType = folder.assetcatalog; path = Assets.xcassets; sourceTree = "<group>"; };
		37B3CE6E2523AF3000356952 /* Base */ = {isa = PBXFileReference; lastKnownFileType = file.storyboard; name = Base; path = Base.lproj/LaunchScreen.storyboard; sourceTree = "<group>"; };
		37B3CE702523AF3000356952 /* Info.plist */ = {isa = PBXFileReference; lastKnownFileType = text.plist.xml; path = Info.plist; sourceTree = "<group>"; };
		37B3CE752523AF3000356952 /* ModalDemoTests.xctest */ = {isa = PBXFileReference; explicitFileType = wrapper.cfbundle; includeInIndex = 0; path = ModalDemoTests.xctest; sourceTree = BUILT_PRODUCTS_DIR; };
		37B3CE792523AF3000356952 /* ModalDemoTests.swift */ = {isa = PBXFileReference; lastKnownFileType = sourcecode.swift; path = ModalDemoTests.swift; sourceTree = "<group>"; };
		37B3CE7B2523AF3000356952 /* Info.plist */ = {isa = PBXFileReference; lastKnownFileType = text.plist.xml; path = Info.plist; sourceTree = "<group>"; };
		37B3CE802523AF3000356952 /* ModalDemoUITests.xctest */ = {isa = PBXFileReference; explicitFileType = wrapper.cfbundle; includeInIndex = 0; path = ModalDemoUITests.xctest; sourceTree = BUILT_PRODUCTS_DIR; };
		37B3CE842523AF3000356952 /* ModalDemoUITests.swift */ = {isa = PBXFileReference; lastKnownFileType = sourcecode.swift; path = ModalDemoUITests.swift; sourceTree = "<group>"; };
		37B3CE862523AF3000356952 /* Info.plist */ = {isa = PBXFileReference; lastKnownFileType = text.plist.xml; path = Info.plist; sourceTree = "<group>"; };
		37B3CE922523B44800356952 /* SecondViewController.swift */ = {isa = PBXFileReference; lastKnownFileType = sourcecode.swift; path = SecondViewController.swift; sourceTree = "<group>"; };
		37B3CE932523B44800356952 /* SecondViewController.xib */ = {isa = PBXFileReference; lastKnownFileType = file.xib; path = SecondViewController.xib; sourceTree = "<group>"; };
/* End PBXFileReference section */

/* Begin PBXFrameworksBuildPhase section */
		37B3CE5C2523AF2F00356952 /* Frameworks */ = {
			isa = PBXFrameworksBuildPhase;
			buildActionMask = 2147483647;
			files = (
			);
			runOnlyForDeploymentPostprocessing = 0;
		};
		37B3CE722523AF3000356952 /* Frameworks */ = {
			isa = PBXFrameworksBuildPhase;
			buildActionMask = 2147483647;
			files = (
			);
			runOnlyForDeploymentPostprocessing = 0;
		};
		37B3CE7D2523AF3000356952 /* Frameworks */ = {
			isa = PBXFrameworksBuildPhase;
			buildActionMask = 2147483647;
			files = (
			);
			runOnlyForDeploymentPostprocessing = 0;
		};
/* End PBXFrameworksBuildPhase section */

/* Begin PBXGroup section */
		37B3CE562523AF2F00356952 = {
			isa = PBXGroup;
			children = (
				37B3CE612523AF2F00356952 /* ModalDemo */,
				37B3CE782523AF3000356952 /* ModalDemoTests */,
				37B3CE832523AF3000356952 /* ModalDemoUITests */,
				37B3CE602523AF2F00356952 /* Products */,
			);
			sourceTree = "<group>";
		};
		37B3CE602523AF2F00356952 /* Products */ = {
			isa = PBXGroup;
			children = (
				37B3CE5F2523AF2F00356952 /* ModalDemo.app */,
				37B3CE752523AF3000356952 /* ModalDemoTests.xctest */,
				37B3CE802523AF3000356952 /* ModalDemoUITests.xctest */,
			);
			name = Products;
			sourceTree = "<group>";
		};
		37B3CE612523AF2F00356952 /* ModalDemo */ = {
			isa = PBXGroup;
			children = (
				37B3CE622523AF2F00356952 /* AppDelegate.swift */,
				37B3CE642523AF2F00356952 /* SceneDelegate.swift */,
				37B3CE662523AF2F00356952 /* ViewController.swift */,
				37B3CE682523AF2F00356952 /* Main.storyboard */,
				37B3CE6B2523AF3000356952 /* Assets.xcassets */,
				37B3CE6D2523AF3000356952 /* LaunchScreen.storyboard */,
				37B3CE702523AF3000356952 /* Info.plist */,
				37B3CE922523B44800356952 /* SecondViewController.swift */,
				37B3CE932523B44800356952 /* SecondViewController.xib */,
			);
			path = ModalDemo;
			sourceTree = "<group>";
		};
		37B3CE782523AF3000356952 /* ModalDemoTests */ = {
			isa = PBXGroup;
			children = (
				37B3CE792523AF3000356952 /* ModalDemoTests.swift */,
				37B3CE7B2523AF3000356952 /* Info.plist */,
			);
			path = ModalDemoTests;
			sourceTree = "<group>";
		};
		37B3CE832523AF3000356952 /* ModalDemoUITests */ = {
			isa = PBXGroup;
			children = (
				37B3CE842523AF3000356952 /* ModalDemoUITests.swift */,
				37B3CE862523AF3000356952 /* Info.plist */,
			);
			path = ModalDemoUITests;
			sourceTree = "<group>";
		};
/* End PBXGroup section */

/* Begin PBXNativeTarget section */
		37B3CE5E2523AF2F00356952 /* ModalDemo */ = {
			isa = PBXNativeTarget;
			buildConfigurationList = 37B3CE892523AF3000356952 /* Build configuration list for PBXNativeTarget "ModalDemo" */;
			buildPhases = (
				37B3CE5B2523AF2F00356952 /* Sources */,
				37B3CE5C2523AF2F00356952 /* Frameworks */,
				37B3CE5D2523AF2F00356952 /* Resources */,
			);
			buildRules = (
			);
			dependencies = (
			);
			name = ModalDemo;
			productName = ModalDemo;
			productReference = 37B3CE5F2523AF2F00356952 /* ModalDemo.app */;
			productType = "com.apple.product-type.application";
		};
		37B3CE742523AF3000356952 /* ModalDemoTests */ = {
			isa = PBXNativeTarget;
			buildConfigurationList = 37B3CE8C2523AF3000356952 /* Build configuration list for PBXNativeTarget "ModalDemoTests" */;
			buildPhases = (
				37B3CE712523AF3000356952 /* Sources */,
				37B3CE722523AF3000356952 /* Frameworks */,
				37B3CE732523AF3000356952 /* Resources */,
			);
			buildRules = (
			);
			dependencies = (
				37B3CE772523AF3000356952 /* PBXTargetDependency */,
			);
			name = ModalDemoTests;
			productName = ModalDemoTests;
			productReference = 37B3CE752523AF3000356952 /* ModalDemoTests.xctest */;
			productType = "com.apple.product-type.bundle.unit-test";
		};
		37B3CE7F2523AF3000356952 /* ModalDemoUITests */ = {
			isa = PBXNativeTarget;
			buildConfigurationList = 37B3CE8F2523AF3000356952 /* Build configuration list for PBXNativeTarget "ModalDemoUITests" */;
			buildPhases = (
				37B3CE7C2523AF3000356952 /* Sources */,
				37B3CE7D2523AF3000356952 /* Frameworks */,
				37B3CE7E2523AF3000356952 /* Resources */,
			);
			buildRules = (
			);
			dependencies = (
				37B3CE822523AF3000356952 /* PBXTargetDependency */,
			);
			name = ModalDemoUITests;
			productName = ModalDemoUITests;
			productReference = 37B3CE802523AF3000356952 /* ModalDemoUITests.xctest */;
			productType = "com.apple.product-type.bundle.ui-testing";
		};
/* End PBXNativeTarget section */

/* Begin PBXProject section */
		37B3CE572523AF2F00356952 /* Project object */ = {
			isa = PBXProject;
			attributes = {
				LastSwiftUpdateCheck = 1200;
				LastUpgradeCheck = 1200;
				TargetAttributes = {
					37B3CE5E2523AF2F00356952 = {
						CreatedOnToolsVersion = 12.0;
					};
					37B3CE742523AF3000356952 = {
						CreatedOnToolsVersion = 12.0;
						TestTargetID = 37B3CE5E2523AF2F00356952;
					};
					37B3CE7F2523AF3000356952 = {
						CreatedOnToolsVersion = 12.0;
						TestTargetID = 37B3CE5E2523AF2F00356952;
					};
				};
			};
			buildConfigurationList = 37B3CE5A2523AF2F00356952 /* Build configuration list for PBXProject "ModalDemo" */;
			compatibilityVersion = "Xcode 9.3";
			developmentRegion = en;
			hasScannedForEncodings = 0;
			knownRegions = (
				en,
				Base,
			);
			mainGroup = 37B3CE562523AF2F00356952;
			productRefGroup = 37B3CE602523AF2F00356952 /* Products */;
			projectDirPath = "";
			projectRoot = "";
			targets = (
				37B3CE5E2523AF2F00356952 /* ModalDemo */,
				37B3CE742523AF3000356952 /* ModalDemoTests */,
				37B3CE7F2523AF3000356952 /* ModalDemoUITests */,
			);
		};
/* End PBXProject section */

/* Begin PBXResourcesBuildPhase section */
		37B3CE5D2523AF2F00356952 /* Resources */ = {
			isa = PBXResourcesBuildPhase;
			buildActionMask = 2147483647;
			files = (
				37B3CE952523B44800356952 /* SecondViewController.xib in Resources */,
				37B3CE6F2523AF3000356952 /* LaunchScreen.storyboard in Resources */,
				37B3CE6C2523AF3000356952 /* Assets.xcassets in Resources */,
				37B3CE6A2523AF2F00356952 /* Main.storyboard in Resources */,
			);
			runOnlyForDeploymentPostprocessing = 0;
		};
		37B3CE732523AF3000356952 /* Resources */ = {
			isa = PBXResourcesBuildPhase;
			buildActionMask = 2147483647;
			files = (
			);
			runOnlyForDeploymentPostprocessing = 0;
		};
		37B3CE7E2523AF3000356952 /* Resources */ = {
			isa = PBXResourcesBuildPhase;
			buildActionMask = 2147483647;
			files = (
			);
			runOnlyForDeploymentPostprocessing = 0;
		};
/* End PBXResourcesBuildPhase section */

/* Begin PBXSourcesBuildPhase section */
		37B3CE5B2523AF2F00356952 /* Sources */ = {
			isa = PBXSourcesBuildPhase;
			buildActionMask = 2147483647;
			files = (
				37B3CE942523B44800356952 /* SecondViewController.swift in Sources */,
				37B3CE672523AF2F00356952 /* ViewController.swift in Sources */,
				37B3CE632523AF2F00356952 /* AppDelegate.swift in Sources */,
				37B3CE652523AF2F00356952 /* SceneDelegate.swift in Sources */,
			);
			runOnlyForDeploymentPostprocessing = 0;
		};
		37B3CE712523AF3000356952 /* Sources */ = {
			isa = PBXSourcesBuildPhase;
			buildActionMask = 2147483647;
			files = (
				37B3CE7A2523AF3000356952 /* ModalDemoTests.swift in Sources */,
			);
			runOnlyForDeploymentPostprocessing = 0;
		};
		37B3CE7C2523AF3000356952 /* Sources */ = {
			isa = PBXSourcesBuildPhase;
			buildActionMask = 2147483647;
			files = (
				37B3CE852523AF3000356952 /* ModalDemoUITests.swift in Sources */,
			);
			runOnlyForDeploymentPostprocessing = 0;
		};
/* End PBXSourcesBuildPhase section */

/* Begin PBXTargetDependency section */
		37B3CE772523AF3000356952 /* PBXTargetDependency */ = {
			isa = PBXTargetDependency;
			target = 37B3CE5E2523AF2F00356952 /* ModalDemo */;
			targetProxy = 37B3CE762523AF3000356952 /* PBXContainerItemProxy */;
		};
		37B3CE822523AF3000356952 /* PBXTargetDependency */ = {
			isa = PBXTargetDependency;
			target = 37B3CE5E2523AF2F00356952 /* ModalDemo */;
			targetProxy = 37B3CE812523AF3000356952 /* PBXContainerItemProxy */;
		};
/* End PBXTargetDependency section */

/* Begin PBXVariantGroup section */
		37B3CE682523AF2F00356952 /* Main.storyboard */ = {
			isa = PBXVariantGroup;
			children = (
				37B3CE692523AF2F00356952 /* Base */,
			);
			name = Main.storyboard;
			sourceTree = "<group>";
		};
		37B3CE6D2523AF3000356952 /* LaunchScreen.storyboard */ = {
			isa = PBXVariantGroup;
			children = (
				37B3CE6E2523AF3000356952 /* Base */,
			);
			name = LaunchScreen.storyboard;
			sourceTree = "<group>";
		};
/* End PBXVariantGroup section */

/* Begin XCBuildConfiguration section */
		37B3CE872523AF3000356952 /* Debug */ = {
			isa = XCBuildConfiguration;
			buildSettings = {
				ALWAYS_SEARCH_USER_PATHS = NO;
				CLANG_ANALYZER_NONNULL = YES;
				CLANG_ANALYZER_NUMBER_OBJECT_CONVERSION = YES_AGGRESSIVE;
				CLANG_CXX_LANGUAGE_STANDARD = "gnu++14";
				CLANG_CXX_LIBRARY = "libc++";
				CLANG_ENABLE_MODULES = YES;
				CLANG_ENABLE_OBJC_ARC = YES;
				CLANG_ENABLE_OBJC_WEAK = YES;
				CLANG_WARN_BLOCK_CAPTURE_AUTORELEASING = YES;
				CLANG_WARN_BOOL_CONVERSION = YES;
				CLANG_WARN_COMMA = YES;
				CLANG_WARN_CONSTANT_CONVERSION = YES;
				CLANG_WARN_DEPRECATED_OBJC_IMPLEMENTATIONS = YES;
				CLANG_WARN_DIRECT_OBJC_ISA_USAGE = YES_ERROR;
				CLANG_WARN_DOCUMENTATION_COMMENTS = YES;
				CLANG_WARN_EMPTY_BODY = YES;
				CLANG_WARN_ENUM_CONVERSION = YES;
				CLANG_WARN_INFINITE_RECURSION = YES;
				CLANG_WARN_INT_CONVERSION = YES;
				CLANG_WARN_NON_LITERAL_NULL_CONVERSION = YES;
				CLANG_WARN_OBJC_IMPLICIT_RETAIN_SELF = YES;
				CLANG_WARN_OBJC_LITERAL_CONVERSION = YES;
				CLANG_WARN_OBJC_ROOT_CLASS = YES_ERROR;
				CLANG_WARN_QUOTED_INCLUDE_IN_FRAMEWORK_HEADER = YES;
				CLANG_WARN_RANGE_LOOP_ANALYSIS = YES;
				CLANG_WARN_STRICT_PROTOTYPES = YES;
				CLANG_WARN_SUSPICIOUS_MOVE = YES;
				CLANG_WARN_UNGUARDED_AVAILABILITY = YES_AGGRESSIVE;
				CLANG_WARN_UNREACHABLE_CODE = YES;
				CLANG_WARN__DUPLICATE_METHOD_MATCH = YES;
				COPY_PHASE_STRIP = NO;
				DEBUG_INFORMATION_FORMAT = dwarf;
				ENABLE_STRICT_OBJC_MSGSEND = YES;
				ENABLE_TESTABILITY = YES;
				GCC_C_LANGUAGE_STANDARD = gnu11;
				GCC_DYNAMIC_NO_PIC = NO;
				GCC_NO_COMMON_BLOCKS = YES;
				GCC_OPTIMIZATION_LEVEL = 0;
				GCC_PREPROCESSOR_DEFINITIONS = (
					"DEBUG=1",
					"$(inherited)",
				);
				GCC_WARN_64_TO_32_BIT_CONVERSION = YES;
				GCC_WARN_ABOUT_RETURN_TYPE = YES_ERROR;
				GCC_WARN_UNDECLARED_SELECTOR = YES;
				GCC_WARN_UNINITIALIZED_AUTOS = YES_AGGRESSIVE;
				GCC_WARN_UNUSED_FUNCTION = YES;
				GCC_WARN_UNUSED_VARIABLE = YES;
				IPHONEOS_DEPLOYMENT_TARGET = 14.0;
				MTL_ENABLE_DEBUG_INFO = INCLUDE_SOURCE;
				MTL_FAST_MATH = YES;
				ONLY_ACTIVE_ARCH = YES;
				SDKROOT = iphoneos;
				SWIFT_ACTIVE_COMPILATION_CONDITIONS = DEBUG;
				SWIFT_OPTIMIZATION_LEVEL = "-Onone";
			};
			name = Debug;
		};
		37B3CE882523AF3000356952 /* Release */ = {
			isa = XCBuildConfiguration;
			buildSettings = {
				ALWAYS_SEARCH_USER_PATHS = NO;
				CLANG_ANALYZER_NONNULL = YES;
				CLANG_ANALYZER_NUMBER_OBJECT_CONVERSION = YES_AGGRESSIVE;
				CLANG_CXX_LANGUAGE_STANDARD = "gnu++14";
				CLANG_CXX_LIBRARY = "libc++";
				CLANG_ENABLE_MODULES = YES;
				CLANG_ENABLE_OBJC_ARC = YES;
				CLANG_ENABLE_OBJC_WEAK = YES;
				CLANG_WARN_BLOCK_CAPTURE_AUTORELEASING = YES;
				CLANG_WARN_BOOL_CONVERSION = YES;
				CLANG_WARN_COMMA = YES;
				CLANG_WARN_CONSTANT_CONVERSION = YES;
				CLANG_WARN_DEPRECATED_OBJC_IMPLEMENTATIONS = YES;
				CLANG_WARN_DIRECT_OBJC_ISA_USAGE = YES_ERROR;
				CLANG_WARN_DOCUMENTATION_COMMENTS = YES;
				CLANG_WARN_EMPTY_BODY = YES;
				CLANG_WARN_ENUM_CONVERSION = YES;
				CLANG_WARN_INFINITE_RECURSION = YES;
				CLANG_WARN_INT_CONVERSION = YES;
				CLANG_WARN_NON_LITERAL_NULL_CONVERSION = YES;
				CLANG_WARN_OBJC_IMPLICIT_RETAIN_SELF = YES;
				CLANG_WARN_OBJC_LITERAL_CONVERSION = YES;
				CLANG_WARN_OBJC_ROOT_CLASS = YES_ERROR;
				CLANG_WARN_QUOTED_INCLUDE_IN_FRAMEWORK_HEADER = YES;
				CLANG_WARN_RANGE_LOOP_ANALYSIS = YES;
				CLANG_WARN_STRICT_PROTOTYPES = YES;
				CLANG_WARN_SUSPICIOUS_MOVE = YES;
				CLANG_WARN_UNGUARDED_AVAILABILITY = YES_AGGRESSIVE;
				CLANG_WARN_UNREACHABLE_CODE = YES;
				CLANG_WARN__DUPLICATE_METHOD_MATCH = YES;
				COPY_PHASE_STRIP = NO;
				DEBUG_INFORMATION_FORMAT = "dwarf-with-dsym";
				ENABLE_NS_ASSERTIONS = NO;
				ENABLE_STRICT_OBJC_MSGSEND = YES;
				GCC_C_LANGUAGE_STANDARD = gnu11;
				GCC_NO_COMMON_BLOCKS = YES;
				GCC_WARN_64_TO_32_BIT_CONVERSION = YES;
				GCC_WARN_ABOUT_RETURN_TYPE = YES_ERROR;
				GCC_WARN_UNDECLARED_SELECTOR = YES;
				GCC_WARN_UNINITIALIZED_AUTOS = YES_AGGRESSIVE;
				GCC_WARN_UNUSED_FUNCTION = YES;
				GCC_WARN_UNUSED_VARIABLE = YES;
				IPHONEOS_DEPLOYMENT_TARGET = 14.0;
				MTL_ENABLE_DEBUG_INFO = NO;
				MTL_FAST_MATH = YES;
				SDKROOT = iphoneos;
				SWIFT_COMPILATION_MODE = wholemodule;
				SWIFT_OPTIMIZATION_LEVEL = "-O";
				VALIDATE_PRODUCT = YES;
			};
			name = Release;
		};
		37B3CE8A2523AF3000356952 /* Debug */ = {
			isa = XCBuildConfiguration;
			buildSettings = {
				ASSETCATALOG_COMPILER_APPICON_NAME = AppIcon;
				ASSETCATALOG_COMPILER_GLOBAL_ACCENT_COLOR_NAME = AccentColor;
				CODE_SIGN_STYLE = Automatic;
				INFOPLIST_FILE = ModalDemo/Info.plist;
				LD_RUNPATH_SEARCH_PATHS = (
					"$(inherited)",
					"@executable_path/Frameworks",
				);
				PRODUCT_BUNDLE_IDENTIFIER = com.ModalDemo;
				PRODUCT_NAME = "$(TARGET_NAME)";
				SWIFT_VERSION = 5.0;
				TARGETED_DEVICE_FAMILY = "1,2";
			};
			name = Debug;
		};
		37B3CE8B2523AF3000356952 /* Release */ = {
			isa = XCBuildConfiguration;
			buildSettings = {
				ASSETCATALOG_COMPILER_APPICON_NAME = AppIcon;
				ASSETCATALOG_COMPILER_GLOBAL_ACCENT_COLOR_NAME = AccentColor;
				CODE_SIGN_STYLE = Automatic;
				INFOPLIST_FILE = ModalDemo/Info.plist;
				LD_RUNPATH_SEARCH_PATHS = (
					"$(inherited)",
					"@executable_path/Frameworks",
				);
				PRODUCT_BUNDLE_IDENTIFIER = com.ModalDemo;
				PRODUCT_NAME = "$(TARGET_NAME)";
				SWIFT_VERSION = 5.0;
				TARGETED_DEVICE_FAMILY = "1,2";
			};
			name = Release;
		};
		37B3CE8D2523AF3000356952 /* Debug */ = {
			isa = XCBuildConfiguration;
			buildSettings = {
				ALWAYS_EMBED_SWIFT_STANDARD_LIBRARIES = YES;
				BUNDLE_LOADER = "$(TEST_HOST)";
				CODE_SIGN_STYLE = Automatic;
				INFOPLIST_FILE = ModalDemoTests/Info.plist;
				IPHONEOS_DEPLOYMENT_TARGET = 14.0;
				LD_RUNPATH_SEARCH_PATHS = (
					"$(inherited)",
					"@executable_path/Frameworks",
					"@loader_path/Frameworks",
				);
				PRODUCT_BUNDLE_IDENTIFIER = com.ModalDemoTests;
				PRODUCT_NAME = "$(TARGET_NAME)";
				SWIFT_VERSION = 5.0;
				TARGETED_DEVICE_FAMILY = "1,2";
				TEST_HOST = "$(BUILT_PRODUCTS_DIR)/ModalDemo.app/ModalDemo";
			};
			name = Debug;
		};
		37B3CE8E2523AF3000356952 /* Release */ = {
			isa = XCBuildConfiguration;
			buildSettings = {
				ALWAYS_EMBED_SWIFT_STANDARD_LIBRARIES = YES;
				BUNDLE_LOADER = "$(TEST_HOST)";
				CODE_SIGN_STYLE = Automatic;
				INFOPLIST_FILE = ModalDemoTests/Info.plist;
				IPHONEOS_DEPLOYMENT_TARGET = 14.0;
				LD_RUNPATH_SEARCH_PATHS = (
					"$(inherited)",
					"@executable_path/Frameworks",
					"@loader_path/Frameworks",
				);
				PRODUCT_BUNDLE_IDENTIFIER = com.ModalDemoTests;
				PRODUCT_NAME = "$(TARGET_NAME)";
				SWIFT_VERSION = 5.0;
				TARGETED_DEVICE_FAMILY = "1,2";
				TEST_HOST = "$(BUILT_PRODUCTS_DIR)/ModalDemo.app/ModalDemo";
			};
			name = Release;
		};
		37B3CE902523AF3000356952 /* Debug */ = {
			isa = XCBuildConfiguration;
			buildSettings = {
				ALWAYS_EMBED_SWIFT_STANDARD_LIBRARIES = YES;
				CODE_SIGN_STYLE = Automatic;
				INFOPLIST_FILE = ModalDemoUITests/Info.plist;
				LD_RUNPATH_SEARCH_PATHS = (
					"$(inherited)",
					"@executable_path/Frameworks",
					"@loader_path/Frameworks",
				);
				PRODUCT_BUNDLE_IDENTIFIER = com.ModalDemoUITests;
				PRODUCT_NAME = "$(TARGET_NAME)";
				SWIFT_VERSION = 5.0;
				TARGETED_DEVICE_FAMILY = "1,2";
				TEST_TARGET_NAME = ModalDemo;
			};
			name = Debug;
		};
		37B3CE912523AF3000356952 /* Release */ = {
			isa = XCBuildConfiguration;
			buildSettings = {
				ALWAYS_EMBED_SWIFT_STANDARD_LIBRARIES = YES;
				CODE_SIGN_STYLE = Automatic;
				INFOPLIST_FILE = ModalDemoUITests/Info.plist;
				LD_RUNPATH_SEARCH_PATHS = (
					"$(inherited)",
					"@executable_path/Frameworks",
					"@loader_path/Frameworks",
				);
				PRODUCT_BUNDLE_IDENTIFIER = com.ModalDemoUITests;
				PRODUCT_NAME = "$(TARGET_NAME)";
				SWIFT_VERSION = 5.0;
				TARGETED_DEVICE_FAMILY = "1,2";
				TEST_TARGET_NAME = ModalDemo;
			};
			name = Release;
		};
/* End XCBuildConfiguration section */

/* Begin XCConfigurationList section */
		37B3CE5A2523AF2F00356952 /* Build configuration list for PBXProject "ModalDemo" */ = {
			isa = XCConfigurationList;
			buildConfigurations = (
				37B3CE872523AF3000356952 /* Debug */,
				37B3CE882523AF3000356952 /* Release */,
			);
			defaultConfigurationIsVisible = 0;
			defaultConfigurationName = Release;
		};
		37B3CE892523AF3000356952 /* Build configuration list for PBXNativeTarget "ModalDemo" */ = {
			isa = XCConfigurationList;
			buildConfigurations = (
				37B3CE8A2523AF3000356952 /* Debug */,
				37B3CE8B2523AF3000356952 /* Release */,
			);
			defaultConfigurationIsVisible = 0;
			defaultConfigurationName = Release;
		};
		37B3CE8C2523AF3000356952 /* Build configuration list for PBXNativeTarget "ModalDemoTests" */ = {
			isa = XCConfigurationList;
			buildConfigurations = (
				37B3CE8D2523AF3000356952 /* Debug */,
				37B3CE8E2523AF3000356952 /* Release */,
			);
			defaultConfigurationIsVisible = 0;
			defaultConfigurationName = Release;
		};
		37B3CE8F2523AF3000356952 /* Build configuration list for PBXNativeTarget "ModalDemoUITests" */ = {
			isa = XCConfigurationList;
			buildConfigurations = (
				37B3CE902523AF3000356952 /* Debug */,
				37B3CE912523AF3000356952 /* Release */,
			);
			defaultConfigurationIsVisible = 0;
			defaultConfigurationName = Release;
		};
/* End XCConfigurationList section */
	};
	rootObject = 37B3CE572523AF2F00356952 /* Project object */;
}
