// !$*UTF8*$!
{
	archiveVersion = 1;
	classes = {
	};
	objectVersion = 50;
	objects = {

/* Begin PBXBuildFile section */
		37B8F2F82547FA0700CB17D1 /* AppDelegate.swift in Sources */ = {isa = PBXBuildFile; fileRef = 37B8F2F72547FA0700CB17D1 /* AppDelegate.swift */; };
		37B8F2FA2547FA0700CB17D1 /* SceneDelegate.swift in Sources */ = {isa = PBXBuildFile; fileRef = 37B8F2F92547FA0700CB17D1 /* SceneDelegate.swift */; };
		37B8F2FC2547FA0700CB17D1 /* ViewController.swift in Sources */ = {isa = PBXBuildFile; fileRef = 37B8F2FB2547FA0700CB17D1 /* ViewController.swift */; };
		37B8F2FF2547FA0700CB17D1 /* Main.storyboard in Resources */ = {isa = PBXBuildFile; fileRef = 37B8F2FD2547FA0700CB17D1 /* Main.storyboard */; };
		37B8F3012547FA0800CB17D1 /* Assets.xcassets in Resources */ = {isa = PBXBuildFile; fileRef = 37B8F3002547FA0800CB17D1 /* Assets.xcassets */; };
		37B8F3042547FA0800CB17D1 /* LaunchScreen.storyboard in Resources */ = {isa = PBXBuildFile; fileRef = 37B8F3022547FA0800CB17D1 /* LaunchScreen.storyboard */; };
		37B8F30D2547FDE600CB17D1 /* MapKit.framework in Frameworks */ = {isa = PBXBuildFile; fileRef = 37B8F30C2547FDE600CB17D1 /* MapKit.framework */; };
		37B8F30F2547FDFD00CB17D1 /* ContactsUI.framework in Frameworks */ = {isa = PBXBuildFile; fileRef = 37B8F30E2547FDFD00CB17D1 /* ContactsUI.framework */; };
		37B8F3112547FE1900CB17D1 /* EventKitUI.framework in Frameworks */ = {isa = PBXBuildFile; fileRef = 37B8F3102547FE1900CB17D1 /* EventKitUI.framework */; };
		37B8F3132547FE3500CB17D1 /* EventKit.framework in Frameworks */ = {isa = PBXBuildFile; fileRef = 37B8F3122547FE3500CB17D1 /* EventKit.framework */; };
		37B8F3152547FE5000CB17D1 /* Contacts.framework in Frameworks */ = {isa = PBXBuildFile; fileRef = 37B8F3142547FE5000CB17D1 /* Contacts.framework */; };
		37B8F3172547FFCE00CB17D1 /* CoreLocation.framework in Frameworks */ = {isa = PBXBuildFile; fileRef = 37B8F3162547FFCE00CB17D1 /* CoreLocation.framework */; };
/* End PBXBuildFile section */

/* Begin PBXFileReference section */
		37B8F2F42547FA0700CB17D1 /* Frame-Works.app */ = {isa = PBXFileReference; explicitFileType = wrapper.application; includeInIndex = 0; path = "Frame-Works.app"; sourceTree = BUILT_PRODUCTS_DIR; };
		37B8F2F72547FA0700CB17D1 /* AppDelegate.swift */ = {isa = PBXFileReference; lastKnownFileType = sourcecode.swift; path = AppDelegate.swift; sourceTree = "<group>"; };
		37B8F2F92547FA0700CB17D1 /* SceneDelegate.swift */ = {isa = PBXFileReference; lastKnownFileType = sourcecode.swift; path = SceneDelegate.swift; sourceTree = "<group>"; };
		37B8F2FB2547FA0700CB17D1 /* ViewController.swift */ = {isa = PBXFileReference; lastKnownFileType = sourcecode.swift; path = ViewController.swift; sourceTree = "<group>"; };
		37B8F2FE2547FA0700CB17D1 /* Base */ = {isa = PBXFileReference; lastKnownFileType = file.storyboard; name = Base; path = Base.lproj/Main.storyboard; sourceTree = "<group>"; };
		37B8F3002547FA0800CB17D1 /* Assets.xcassets */ = {isa = PBXFileReference; lastKnownFileType = folder.assetcatalog; path = Assets.xcassets; sourceTree = "<group>"; };
		37B8F3032547FA0800CB17D1 /* Base */ = {isa = PBXFileReference; lastKnownFileType = file.storyboard; name = Base; path = Base.lproj/LaunchScreen.storyboard; sourceTree = "<group>"; };
		37B8F3052547FA0800CB17D1 /* Info.plist */ = {isa = PBXFileReference; lastKnownFileType = text.plist.xml; path = Info.plist; sourceTree = "<group>"; };
		37B8F30C2547FDE600CB17D1 /* MapKit.framework */ = {isa = PBXFileReference; lastKnownFileType = wrapper.framework; name = MapKit.framework; path = System/Library/Frameworks/MapKit.framework; sourceTree = SDKROOT; };
		37B8F30E2547FDFD00CB17D1 /* ContactsUI.framework */ = {isa = PBXFileReference; lastKnownFileType = wrapper.framework; name = ContactsUI.framework; path = System/Library/Frameworks/ContactsUI.framework; sourceTree = SDKROOT; };
		37B8F3102547FE1900CB17D1 /* EventKitUI.framework */ = {isa = PBXFileReference; lastKnownFileType = wrapper.framework; name = EventKitUI.framework; path = System/Library/Frameworks/EventKitUI.framework; sourceTree = SDKROOT; };
		37B8F3122547FE3500CB17D1 /* EventKit.framework */ = {isa = PBXFileReference; lastKnownFileType = wrapper.framework; name = EventKit.framework; path = System/Library/Frameworks/EventKit.framework; sourceTree = SDKROOT; };
		37B8F3142547FE5000CB17D1 /* Contacts.framework */ = {isa = PBXFileReference; lastKnownFileType = wrapper.framework; name = Contacts.framework; path = System/Library/Frameworks/Contacts.framework; sourceTree = SDKROOT; };
		37B8F3162547FFCE00CB17D1 /* CoreLocation.framework */ = {isa = PBXFileReference; lastKnownFileType = wrapper.framework; name = CoreLocation.framework; path = System/Library/Frameworks/CoreLocation.framework; sourceTree = SDKROOT; };
/* End PBXFileReference section */

/* Begin PBXFrameworksBuildPhase section */
		37B8F2F12547FA0700CB17D1 /* Frameworks */ = {
			isa = PBXFrameworksBuildPhase;
			buildActionMask = 2147483647;
			files = (
				37B8F3172547FFCE00CB17D1 /* CoreLocation.framework in Frameworks */,
				37B8F3132547FE3500CB17D1 /* EventKit.framework in Frameworks */,
				37B8F3152547FE5000CB17D1 /* Contacts.framework in Frameworks */,
				37B8F30D2547FDE600CB17D1 /* MapKit.framework in Frameworks */,
				37B8F3112547FE1900CB17D1 /* EventKitUI.framework in Frameworks */,
				37B8F30F2547FDFD00CB17D1 /* ContactsUI.framework in Frameworks */,
			);
			runOnlyForDeploymentPostprocessing = 0;
		};
/* End PBXFrameworksBuildPhase section */

/* Begin PBXGroup section */
		37B8F2EB2547FA0700CB17D1 = {
			isa = PBXGroup;
			children = (
				37B8F2F62547FA0700CB17D1 /* Frame-Works */,
				37B8F2F52547FA0700CB17D1 /* Products */,
				37B8F30B2547FDE600CB17D1 /* Frameworks */,
			);
			sourceTree = "<group>";
		};
		37B8F2F52547FA0700CB17D1 /* Products */ = {
			isa = PBXGroup;
			children = (
				37B8F2F42547FA0700CB17D1 /* Frame-Works.app */,
			);
			name = Products;
			sourceTree = "<group>";
		};
		37B8F2F62547FA0700CB17D1 /* Frame-Works */ = {
			isa = PBXGroup;
			children = (
				37B8F2F72547FA0700CB17D1 /* AppDelegate.swift */,
				37B8F2F92547FA0700CB17D1 /* SceneDelegate.swift */,
				37B8F2FB2547FA0700CB17D1 /* ViewController.swift */,
				37B8F2FD2547FA0700CB17D1 /* Main.storyboard */,
				37B8F3002547FA0800CB17D1 /* Assets.xcassets */,
				37B8F3022547FA0800CB17D1 /* LaunchScreen.storyboard */,
				37B8F3052547FA0800CB17D1 /* Info.plist */,
			);
			path = "Frame-Works";
			sourceTree = "<group>";
		};
		37B8F30B2547FDE600CB17D1 /* Frameworks */ = {
			isa = PBXGroup;
			children = (
				37B8F3162547FFCE00CB17D1 /* CoreLocation.framework */,
				37B8F3142547FE5000CB17D1 /* Contacts.framework */,
				37B8F3122547FE3500CB17D1 /* EventKit.framework */,
				37B8F3102547FE1900CB17D1 /* EventKitUI.framework */,
				37B8F30E2547FDFD00CB17D1 /* ContactsUI.framework */,
				37B8F30C2547FDE600CB17D1 /* MapKit.framework */,
			);
			name = Frameworks;
			sourceTree = "<group>";
		};
/* End PBXGroup section */

/* Begin PBXNativeTarget section */
		37B8F2F32547FA0700CB17D1 /* Frame-Works */ = {
			isa = PBXNativeTarget;
			buildConfigurationList = 37B8F3082547FA0800CB17D1 /* Build configuration list for PBXNativeTarget "Frame-Works" */;
			buildPhases = (
				37B8F2F02547FA0700CB17D1 /* Sources */,
				37B8F2F12547FA0700CB17D1 /* Frameworks */,
				37B8F2F22547FA0700CB17D1 /* Resources */,
			);
			buildRules = (
			);
			dependencies = (
			);
			name = "Frame-Works";
			productName = "Frame-Works";
			productReference = 37B8F2F42547FA0700CB17D1 /* Frame-Works.app */;
			productType = "com.apple.product-type.application";
		};
/* End PBXNativeTarget section */

/* Begin PBXProject section */
		37B8F2EC2547FA0700CB17D1 /* Project object */ = {
			isa = PBXProject;
			attributes = {
				LastSwiftUpdateCheck = 1200;
				LastUpgradeCheck = 1200;
				TargetAttributes = {
					37B8F2F32547FA0700CB17D1 = {
						CreatedOnToolsVersion = 12.0;
					};
				};
			};
			buildConfigurationList = 37B8F2EF2547FA0700CB17D1 /* Build configuration list for PBXProject "Frame-Works" */;
			compatibilityVersion = "Xcode 9.3";
			developmentRegion = en;
			hasScannedForEncodings = 0;
			knownRegions = (
				en,
				Base,
			);
			mainGroup = 37B8F2EB2547FA0700CB17D1;
			productRefGroup = 37B8F2F52547FA0700CB17D1 /* Products */;
			projectDirPath = "";
			projectRoot = "";
			targets = (
				37B8F2F32547FA0700CB17D1 /* Frame-Works */,
			);
		};
/* End PBXProject section */

/* Begin PBXResourcesBuildPhase section */
		37B8F2F22547FA0700CB17D1 /* Resources */ = {
			isa = PBXResourcesBuildPhase;
			buildActionMask = 2147483647;
			files = (
				37B8F3042547FA0800CB17D1 /* LaunchScreen.storyboard in Resources */,
				37B8F3012547FA0800CB17D1 /* Assets.xcassets in Resources */,
				37B8F2FF2547FA0700CB17D1 /* Main.storyboard in Resources */,
			);
			runOnlyForDeploymentPostprocessing = 0;
		};
/* End PBXResourcesBuildPhase section */

/* Begin PBXSourcesBuildPhase section */
		37B8F2F02547FA0700CB17D1 /* Sources */ = {
			isa = PBXSourcesBuildPhase;
			buildActionMask = 2147483647;
			files = (
				37B8F2FC2547FA0700CB17D1 /* ViewController.swift in Sources */,
				37B8F2F82547FA0700CB17D1 /* AppDelegate.swift in Sources */,
				37B8F2FA2547FA0700CB17D1 /* SceneDelegate.swift in Sources */,
			);
			runOnlyForDeploymentPostprocessing = 0;
		};
/* End PBXSourcesBuildPhase section */

/* Begin PBXVariantGroup section */
		37B8F2FD2547FA0700CB17D1 /* Main.storyboard */ = {
			isa = PBXVariantGroup;
			children = (
				37B8F2FE2547FA0700CB17D1 /* Base */,
			);
			name = Main.storyboard;
			sourceTree = "<group>";
		};
		37B8F3022547FA0800CB17D1 /* LaunchScreen.storyboard */ = {
			isa = PBXVariantGroup;
			children = (
				37B8F3032547FA0800CB17D1 /* Base */,
			);
			name = LaunchScreen.storyboard;
			sourceTree = "<group>";
		};
/* End PBXVariantGroup section */

/* Begin XCBuildConfiguration section */
		37B8F3062547FA0800CB17D1 /* Debug */ = {
			isa = XCBuildConfiguration;
			buildSettings = {
				ALWAYS_SEARCH_USER_PATHS = NO;
				CLANG_ANALYZER_NONNULL = YES;
				CLANG_ANALYZER_NUMBER_OBJECT_CONVERSION = YES_AGGRESSIVE;
				CLANG_CXX_LANGUAGE_STANDARD = "gnu++14";
				CLANG_CXX_LIBRARY = "libc++";
				CLANG_ENABLE_MODULES = YES;
				CLANG_ENABLE_OBJC_ARC = YES;
				CLANG_ENABLE_OBJC_WEAK = YES;
				CLANG_WARN_BLOCK_CAPTURE_AUTORELEASING = YES;
				CLANG_WARN_BOOL_CONVERSION = YES;
				CLANG_WARN_COMMA = YES;
				CLANG_WARN_CONSTANT_CONVERSION = YES;
				CLANG_WARN_DEPRECATED_OBJC_IMPLEMENTATIONS = YES;
				CLANG_WARN_DIRECT_OBJC_ISA_USAGE = YES_ERROR;
				CLANG_WARN_DOCUMENTATION_COMMENTS = YES;
				CLANG_WARN_EMPTY_BODY = YES;
				CLANG_WARN_ENUM_CONVERSION = YES;
				CLANG_WARN_INFINITE_RECURSION = YES;
				CLANG_WARN_INT_CONVERSION = YES;
				CLANG_WARN_NON_LITERAL_NULL_CONVERSION = YES;
				CLANG_WARN_OBJC_IMPLICIT_RETAIN_SELF = YES;
				CLANG_WARN_OBJC_LITERAL_CONVERSION = YES;
				CLANG_WARN_OBJC_ROOT_CLASS = YES_ERROR;
				CLANG_WARN_QUOTED_INCLUDE_IN_FRAMEWORK_HEADER = YES;
				CLANG_WARN_RANGE_LOOP_ANALYSIS = YES;
				CLANG_WARN_STRICT_PROTOTYPES = YES;
				CLANG_WARN_SUSPICIOUS_MOVE = YES;
				CLANG_WARN_UNGUARDED_AVAILABILITY = YES_AGGRESSIVE;
				CLANG_WARN_UNREACHABLE_CODE = YES;
				CLANG_WARN__DUPLICATE_METHOD_MATCH = YES;
				COPY_PHASE_STRIP = NO;
				DEBUG_INFORMATION_FORMAT = dwarf;
				ENABLE_STRICT_OBJC_MSGSEND = YES;
				ENABLE_TESTABILITY = YES;
				GCC_C_LANGUAGE_STANDARD = gnu11;
				GCC_DYNAMIC_NO_PIC = NO;
				GCC_NO_COMMON_BLOCKS = YES;
				GCC_OPTIMIZATION_LEVEL = 0;
				GCC_PREPROCESSOR_DEFINITIONS = (
					"DEBUG=1",
					"$(inherited)",
				);
				GCC_WARN_64_TO_32_BIT_CONVERSION = YES;
				GCC_WARN_ABOUT_RETURN_TYPE = YES_ERROR;
				GCC_WARN_UNDECLARED_SELECTOR = YES;
				GCC_WARN_UNINITIALIZED_AUTOS = YES_AGGRESSIVE;
				GCC_WARN_UNUSED_FUNCTION = YES;
				GCC_WARN_UNUSED_VARIABLE = YES;
				IPHONEOS_DEPLOYMENT_TARGET = 14.0;
				MTL_ENABLE_DEBUG_INFO = INCLUDE_SOURCE;
				MTL_FAST_MATH = YES;
				ONLY_ACTIVE_ARCH = YES;
				SDKROOT = iphoneos;
				SWIFT_ACTIVE_COMPILATION_CONDITIONS = DEBUG;
				SWIFT_OPTIMIZATION_LEVEL = "-Onone";
			};
			name = Debug;
		};
		37B8F3072547FA0800CB17D1 /* Release */ = {
			isa = XCBuildConfiguration;
			buildSettings = {
				ALWAYS_SEARCH_USER_PATHS = NO;
				CLANG_ANALYZER_NONNULL = YES;
				CLANG_ANALYZER_NUMBER_OBJECT_CONVERSION = YES_AGGRESSIVE;
				CLANG_CXX_LANGUAGE_STANDARD = "gnu++14";
				CLANG_CXX_LIBRARY = "libc++";
				CLANG_ENABLE_MODULES = YES;
				CLANG_ENABLE_OBJC_ARC = YES;
				CLANG_ENABLE_OBJC_WEAK = YES;
				CLANG_WARN_BLOCK_CAPTURE_AUTORELEASING = YES;
				CLANG_WARN_BOOL_CONVERSION = YES;
				CLANG_WARN_COMMA = YES;
				CLANG_WARN_CONSTANT_CONVERSION = YES;
				CLANG_WARN_DEPRECATED_OBJC_IMPLEMENTATIONS = YES;
				CLANG_WARN_DIRECT_OBJC_ISA_USAGE = YES_ERROR;
				CLANG_WARN_DOCUMENTATION_COMMENTS = YES;
				CLANG_WARN_EMPTY_BODY = YES;
				CLANG_WARN_ENUM_CONVERSION = YES;
				CLANG_WARN_INFINITE_RECURSION = YES;
				CLANG_WARN_INT_CONVERSION = YES;
				CLANG_WARN_NON_LITERAL_NULL_CONVERSION = YES;
				CLANG_WARN_OBJC_IMPLICIT_RETAIN_SELF = YES;
				CLANG_WARN_OBJC_LITERAL_CONVERSION = YES;
				CLANG_WARN_OBJC_ROOT_CLASS = YES_ERROR;
				CLANG_WARN_QUOTED_INCLUDE_IN_FRAMEWORK_HEADER = YES;
				CLANG_WARN_RANGE_LOOP_ANALYSIS = YES;
				CLANG_WARN_STRICT_PROTOTYPES = YES;
				CLANG_WARN_SUSPICIOUS_MOVE = YES;
				CLANG_WARN_UNGUARDED_AVAILABILITY = YES_AGGRESSIVE;
				CLANG_WARN_UNREACHABLE_CODE = YES;
				CLANG_WARN__DUPLICATE_METHOD_MATCH = YES;
				COPY_PHASE_STRIP = NO;
				DEBUG_INFORMATION_FORMAT = "dwarf-with-dsym";
				ENABLE_NS_ASSERTIONS = NO;
				ENABLE_STRICT_OBJC_MSGSEND = YES;
				GCC_C_LANGUAGE_STANDARD = gnu11;
				GCC_NO_COMMON_BLOCKS = YES;
				GCC_WARN_64_TO_32_BIT_CONVERSION = YES;
				GCC_WARN_ABOUT_RETURN_TYPE = YES_ERROR;
				GCC_WARN_UNDECLARED_SELECTOR = YES;
				GCC_WARN_UNINITIALIZED_AUTOS = YES_AGGRESSIVE;
				GCC_WARN_UNUSED_FUNCTION = YES;
				GCC_WARN_UNUSED_VARIABLE = YES;
				IPHONEOS_DEPLOYMENT_TARGET = 14.0;
				MTL_ENABLE_DEBUG_INFO = NO;
				MTL_FAST_MATH = YES;
				SDKROOT = iphoneos;
				SWIFT_COMPILATION_MODE = wholemodule;
				SWIFT_OPTIMIZATION_LEVEL = "-O";
				VALIDATE_PRODUCT = YES;
			};
			name = Release;
		};
		37B8F3092547FA0800CB17D1 /* Debug */ = {
			isa = XCBuildConfiguration;
			buildSettings = {
				ASSETCATALOG_COMPILER_APPICON_NAME = AppIcon;
				ASSETCATALOG_COMPILER_GLOBAL_ACCENT_COLOR_NAME = AccentColor;
				CODE_SIGN_STYLE = Automatic;
				INFOPLIST_FILE = "Frame-Works/Info.plist";
				LD_RUNPATH_SEARCH_PATHS = (
					"$(inherited)",
					"@executable_path/Frameworks",
				);
				PRODUCT_BUNDLE_IDENTIFIER = "com.Frame-Works";
				PRODUCT_NAME = "$(TARGET_NAME)";
				SWIFT_VERSION = 5.0;
				TARGETED_DEVICE_FAMILY = "1,2";
			};
			name = Debug;
		};
		37B8F30A2547FA0800CB17D1 /* Release */ = {
			isa = XCBuildConfiguration;
			buildSettings = {
				ASSETCATALOG_COMPILER_APPICON_NAME = AppIcon;
				ASSETCATALOG_COMPILER_GLOBAL_ACCENT_COLOR_NAME = AccentColor;
				CODE_SIGN_STYLE = Automatic;
				INFOPLIST_FILE = "Frame-Works/Info.plist";
				LD_RUNPATH_SEARCH_PATHS = (
					"$(inherited)",
					"@executable_path/Frameworks",
				);
				PRODUCT_BUNDLE_IDENTIFIER = "com.Frame-Works";
				PRODUCT_NAME = "$(TARGET_NAME)";
				SWIFT_VERSION = 5.0;
				TARGETED_DEVICE_FAMILY = "1,2";
			};
			name = Release;
		};
/* End XCBuildConfiguration section */

/* Begin XCConfigurationList section */
		37B8F2EF2547FA0700CB17D1 /* Build configuration list for PBXProject "Frame-Works" */ = {
			isa = XCConfigurationList;
			buildConfigurations = (
				37B8F3062547FA0800CB17D1 /* Debug */,
				37B8F3072547FA0800CB17D1 /* Release */,
			);
			defaultConfigurationIsVisible = 0;
			defaultConfigurationName = Release;
		};
		37B8F3082547FA0800CB17D1 /* Build configuration list for PBXNativeTarget "Frame-Works" */ = {
			isa = XCConfigurationList;
			buildConfigurations = (
				37B8F3092547FA0800CB17D1 /* Debug */,
				37B8F30A2547FA0800CB17D1 /* Release */,
			);
			defaultConfigurationIsVisible = 0;
			defaultConfigurationName = Release;
		};
/* End XCConfigurationList section */
	};
	rootObject = 37B8F2EC2547FA0700CB17D1 /* Project object */;
}
